// !$*UTF8*$!
{
	archiveVersion = 1;
	classes = {
	};
	objectVersion = 46;
	objects = {

/* Begin PBXBuildFile section */
		16979C491C42A37C000C338C /* AppDelegate.swift in Sources */ = {isa = PBXBuildFile; fileRef = 16979C481C42A37C000C338C /* AppDelegate.swift */; };
		16979C4B1C42A37C000C338C /* ViewController.swift in Sources */ = {isa = PBXBuildFile; fileRef = 16979C4A1C42A37C000C338C /* ViewController.swift */; };
		16979C4E1C42A37C000C338C /* Main.storyboard in Resources */ = {isa = PBXBuildFile; fileRef = 16979C4C1C42A37C000C338C /* Main.storyboard */; };
		16979C501C42A37C000C338C /* Assets.xcassets in Resources */ = {isa = PBXBuildFile; fileRef = 16979C4F1C42A37C000C338C /* Assets.xcassets */; };
		16979C531C42A37C000C338C /* LaunchScreen.storyboard in Resources */ = {isa = PBXBuildFile; fileRef = 16979C511C42A37C000C338C /* LaunchScreen.storyboard */; };
		16979C5E1C42A37C000C338C /* EQTests.swift in Sources */ = {isa = PBXBuildFile; fileRef = 16979C5D1C42A37C000C338C /* EQTests.swift */; };
		16979C691C42A37C000C338C /* EQUITests.swift in Sources */ = {isa = PBXBuildFile; fileRef = 16979C681C42A37C000C338C /* EQUITests.swift */; };
/* End PBXBuildFile section */

/* Begin PBXContainerItemProxy section */
		16979C5A1C42A37C000C338C /* PBXContainerItemProxy */ = {
			isa = PBXContainerItemProxy;
			containerPortal = 16979C3D1C42A37C000C338C /* Project object */;
			proxyType = 1;
			remoteGlobalIDString = 16979C441C42A37C000C338C;
			remoteInfo = EQ;
		};
		16979C651C42A37C000C338C /* PBXContainerItemProxy */ = {
			isa = PBXContainerItemProxy;
			containerPortal = 16979C3D1C42A37C000C338C /* Project object */;
			proxyType = 1;
			remoteGlobalIDString = 16979C441C42A37C000C338C;
			remoteInfo = EQ;
		};
/* End PBXContainerItemProxy section */

/* Begin PBXFileReference section */
		16979C451C42A37C000C338C /* EQ.app */ = {isa = PBXFileReference; explicitFileType = wrapper.application; includeInIndex = 0; path = EQ.app; sourceTree = BUILT_PRODUCTS_DIR; };
		16979C481C42A37C000C338C /* AppDelegate.swift */ = {isa = PBXFileReference; lastKnownFileType = sourcecode.swift; path = AppDelegate.swift; sourceTree = "<group>"; };
		16979C4A1C42A37C000C338C /* ViewController.swift */ = {isa = PBXFileReference; lastKnownFileType = sourcecode.swift; path = ViewController.swift; sourceTree = "<group>"; };
		16979C4D1C42A37C000C338C /* Base */ = {isa = PBXFileReference; lastKnownFileType = file.storyboard; name = Base; path = Base.lproj/Main.storyboard; sourceTree = "<group>"; };
		16979C4F1C42A37C000C338C /* Assets.xcassets */ = {isa = PBXFileReference; lastKnownFileType = folder.assetcatalog; path = Assets.xcassets; sourceTree = "<group>"; };
		16979C521C42A37C000C338C /* Base */ = {isa = PBXFileReference; lastKnownFileType = file.storyboard; name = Base; path = Base.lproj/LaunchScreen.storyboard; sourceTree = "<group>"; };
		16979C541C42A37C000C338C /* Info.plist */ = {isa = PBXFileReference; lastKnownFileType = text.plist.xml; path = Info.plist; sourceTree = "<group>"; };
		16979C591C42A37C000C338C /* EQTests.xctest */ = {isa = PBXFileReference; explicitFileType = wrapper.cfbundle; includeInIndex = 0; path = EQTests.xctest; sourceTree = BUILT_PRODUCTS_DIR; };
		16979C5D1C42A37C000C338C /* EQTests.swift */ = {isa = PBXFileReference; lastKnownFileType = sourcecode.swift; path = EQTests.swift; sourceTree = "<group>"; };
		16979C5F1C42A37C000C338C /* Info.plist */ = {isa = PBXFileReference; lastKnownFileType = text.plist.xml; path = Info.plist; sourceTree = "<group>"; };
		16979C641C42A37C000C338C /* EQUITests.xctest */ = {isa = PBXFileReference; explicitFileType = wrapper.cfbundle; includeInIndex = 0; path = EQUITests.xctest; sourceTree = BUILT_PRODUCTS_DIR; };
		16979C681C42A37C000C338C /* EQUITests.swift */ = {isa = PBXFileReference; lastKnownFileType = sourcecode.swift; path = EQUITests.swift; sourceTree = "<group>"; };
		16979C6A1C42A37C000C338C /* Info.plist */ = {isa = PBXFileReference; lastKnownFileType = text.plist.xml; path = Info.plist; sourceTree = "<group>"; };
/* End PBXFileReference section */

/* Begin PBXFrameworksBuildPhase section */
		16979C421C42A37C000C338C /* Frameworks */ = {
			isa = PBXFrameworksBuildPhase;
			buildActionMask = 2147483647;
			files = (
			);
			runOnlyForDeploymentPostprocessing = 0;
		};
		16979C561C42A37C000C338C /* Frameworks */ = {
			isa = PBXFrameworksBuildPhase;
			buildActionMask = 2147483647;
			files = (
			);
			runOnlyForDeploymentPostprocessing = 0;
		};
		16979C611C42A37C000C338C /* Frameworks */ = {
			isa = PBXFrameworksBuildPhase;
			buildActionMask = 2147483647;
			files = (
			);
			runOnlyForDeploymentPostprocessing = 0;
		};
/* End PBXFrameworksBuildPhase section */

/* Begin PBXGroup section */
		16979C3C1C42A37C000C338C = {
			isa = PBXGroup;
			children = (
				16979C471C42A37C000C338C /* EQ */,
				16979C5C1C42A37C000C338C /* EQTests */,
				16979C671C42A37C000C338C /* EQUITests */,
				16979C461C42A37C000C338C /* Products */,
			);
			sourceTree = "<group>";
		};
		16979C461C42A37C000C338C /* Products */ = {
			isa = PBXGroup;
			children = (
				16979C451C42A37C000C338C /* EQ.app */,
				16979C591C42A37C000C338C /* EQTests.xctest */,
				16979C641C42A37C000C338C /* EQUITests.xctest */,
			);
			name = Products;
			sourceTree = "<group>";
		};
		16979C471C42A37C000C338C /* EQ */ = {
			isa = PBXGroup;
			children = (
				16979C481C42A37C000C338C /* AppDelegate.swift */,
				16979C4A1C42A37C000C338C /* ViewController.swift */,
				16979C4C1C42A37C000C338C /* Main.storyboard */,
				16979C4F1C42A37C000C338C /* Assets.xcassets */,
				16979C511C42A37C000C338C /* LaunchScreen.storyboard */,
				16979C541C42A37C000C338C /* Info.plist */,
			);
			path = EQ;
			sourceTree = "<group>";
		};
		16979C5C1C42A37C000C338C /* EQTests */ = {
			isa = PBXGroup;
			children = (
				16979C5D1C42A37C000C338C /* EQTests.swift */,
				16979C5F1C42A37C000C338C /* Info.plist */,
			);
			path = EQTests;
			sourceTree = "<group>";
		};
		16979C671C42A37C000C338C /* EQUITests */ = {
			isa = PBXGroup;
			children = (
				16979C681C42A37C000C338C /* EQUITests.swift */,
				16979C6A1C42A37C000C338C /* Info.plist */,
			);
			path = EQUITests;
			sourceTree = "<group>";
		};
/* End PBXGroup section */

/* Begin PBXNativeTarget section */
		16979C441C42A37C000C338C /* EQ */ = {
			isa = PBXNativeTarget;
			buildConfigurationList = 16979C6D1C42A37C000C338C /* Build configuration list for PBXNativeTarget "EQ" */;
			buildPhases = (
				16979C411C42A37C000C338C /* Sources */,
				16979C421C42A37C000C338C /* Frameworks */,
				16979C431C42A37C000C338C /* Resources */,
			);
			buildRules = (
			);
			dependencies = (
			);
			name = EQ;
			productName = EQ;
			productReference = 16979C451C42A37C000C338C /* EQ.app */;
			productType = "com.apple.product-type.application";
		};
		16979C581C42A37C000C338C /* EQTests */ = {
			isa = PBXNativeTarget;
			buildConfigurationList = 16979C701C42A37C000C338C /* Build configuration list for PBXNativeTarget "EQTests" */;
			buildPhases = (
				16979C551C42A37C000C338C /* Sources */,
				16979C561C42A37C000C338C /* Frameworks */,
				16979C571C42A37C000C338C /* Resources */,
			);
			buildRules = (
			);
			dependencies = (
				16979C5B1C42A37C000C338C /* PBXTargetDependency */,
			);
			name = EQTests;
			productName = EQTests;
			productReference = 16979C591C42A37C000C338C /* EQTests.xctest */;
			productType = "com.apple.product-type.bundle.unit-test";
		};
		16979C631C42A37C000C338C /* EQUITests */ = {
			isa = PBXNativeTarget;
			buildConfigurationList = 16979C731C42A37C000C338C /* Build configuration list for PBXNativeTarget "EQUITests" */;
			buildPhases = (
				16979C601C42A37C000C338C /* Sources */,
				16979C611C42A37C000C338C /* Frameworks */,
				16979C621C42A37C000C338C /* Resources */,
			);
			buildRules = (
			);
			dependencies = (
				16979C661C42A37C000C338C /* PBXTargetDependency */,
			);
			name = EQUITests;
			productName = EQUITests;
			productReference = 16979C641C42A37C000C338C /* EQUITests.xctest */;
			productType = "com.apple.product-type.bundle.ui-testing";
		};
/* End PBXNativeTarget section */

/* Begin PBXProject section */
		16979C3D1C42A37C000C338C /* Project object */ = {
			isa = PBXProject;
			attributes = {
				LastSwiftUpdateCheck = 0720;
				LastUpgradeCheck = 0720;
				ORGANIZATIONNAME = Ceran;
				TargetAttributes = {
					16979C441C42A37C000C338C = {
						CreatedOnToolsVersion = 7.2;
					};
					16979C581C42A37C000C338C = {
						CreatedOnToolsVersion = 7.2;
						TestTargetID = 16979C441C42A37C000C338C;
					};
					16979C631C42A37C000C338C = {
						CreatedOnToolsVersion = 7.2;
						TestTargetID = 16979C441C42A37C000C338C;
					};
				};
			};
			buildConfigurationList = 16979C401C42A37C000C338C /* Build configuration list for PBXProject "EQ" */;
			compatibilityVersion = "Xcode 3.2";
			developmentRegion = English;
			hasScannedForEncodings = 0;
			knownRegions = (
				en,
				Base,
			);
			mainGroup = 16979C3C1C42A37C000C338C;
			productRefGroup = 16979C461C42A37C000C338C /* Products */;
			projectDirPath = "";
			projectRoot = "";
			targets = (
				16979C441C42A37C000C338C /* EQ */,
				16979C581C42A37C000C338C /* EQTests */,
				16979C631C42A37C000C338C /* EQUITests */,
			);
		};
/* End PBXProject section */

/* Begin PBXResourcesBuildPhase section */
		16979C431C42A37C000C338C /* Resources */ = {
			isa = PBXResourcesBuildPhase;
			buildActionMask = 2147483647;
			files = (
				16979C531C42A37C000C338C /* LaunchScreen.storyboard in Resources */,
				16979C501C42A37C000C338C /* Assets.xcassets in Resources */,
				16979C4E1C42A37C000C338C /* Main.storyboard in Resources */,
			);
			runOnlyForDeploymentPostprocessing = 0;
		};
		16979C571C42A37C000C338C /* Resources */ = {
			isa = PBXResourcesBuildPhase;
			buildActionMask = 2147483647;
			files = (
			);
			runOnlyForDeploymentPostprocessing = 0;
		};
		16979C621C42A37C000C338C /* Resources */ = {
			isa = PBXResourcesBuildPhase;
			buildActionMask = 2147483647;
			files = (
			);
			runOnlyForDeploymentPostprocessing = 0;
		};
/* End PBXResourcesBuildPhase section */

/* Begin PBXSourcesBuildPhase section */
		16979C411C42A37C000C338C /* Sources */ = {
			isa = PBXSourcesBuildPhase;
			buildActionMask = 2147483647;
			files = (
				16979C4B1C42A37C000C338C /* ViewController.swift in Sources */,
				16979C491C42A37C000C338C /* AppDelegate.swift in Sources */,
			);
			runOnlyForDeploymentPostprocessing = 0;
		};
		16979C551C42A37C000C338C /* Sources */ = {
			isa = PBXSourcesBuildPhase;
			buildActionMask = 2147483647;
			files = (
				16979C5E1C42A37C000C338C /* EQTests.swift in Sources */,
			);
			runOnlyForDeploymentPostprocessing = 0;
		};
		16979C601C42A37C000C338C /* Sources */ = {
			isa = PBXSourcesBuildPhase;
			buildActionMask = 2147483647;
			files = (
				16979C691C42A37C000C338C /* EQUITests.swift in Sources */,
			);
			runOnlyForDeploymentPostprocessing = 0;
		};
/* End PBXSourcesBuildPhase section */

/* Begin PBXTargetDependency section */
		16979C5B1C42A37C000C338C /* PBXTargetDependency */ = {
			isa = PBXTargetDependency;
			target = 16979C441C42A37C000C338C /* EQ */;
			targetProxy = 16979C5A1C42A37C000C338C /* PBXContainerItemProxy */;
		};
		16979C661C42A37C000C338C /* PBXTargetDependency */ = {
			isa = PBXTargetDependency;
			target = 16979C441C42A37C000C338C /* EQ */;
			targetProxy = 16979C651C42A37C000C338C /* PBXContainerItemProxy */;
		};
/* End PBXTargetDependency section */

/* Begin PBXVariantGroup section */
		16979C4C1C42A37C000C338C /* Main.storyboard */ = {
			isa = PBXVariantGroup;
			children = (
				16979C4D1C42A37C000C338C /* Base */,
			);
			name = Main.storyboard;
			sourceTree = "<group>";
		};
		16979C511C42A37C000C338C /* LaunchScreen.storyboard */ = {
			isa = PBXVariantGroup;
			children = (
				16979C521C42A37C000C338C /* Base */,
			);
			name = LaunchScreen.storyboard;
			sourceTree = "<group>";
		};
/* End PBXVariantGroup section */

/* Begin XCBuildConfiguration section */
		16979C6B1C42A37C000C338C /* Debug */ = {
			isa = XCBuildConfiguration;
			buildSettings = {
				ALWAYS_SEARCH_USER_PATHS = NO;
				CLANG_CXX_LANGUAGE_STANDARD = "gnu++0x";
				CLANG_CXX_LIBRARY = "libc++";
				CLANG_ENABLE_MODULES = YES;
				CLANG_ENABLE_OBJC_ARC = YES;
				CLANG_WARN_BOOL_CONVERSION = YES;
				CLANG_WARN_CONSTANT_CONVERSION = YES;
				CLANG_WARN_DIRECT_OBJC_ISA_USAGE = YES_ERROR;
				CLANG_WARN_EMPTY_BODY = YES;
				CLANG_WARN_ENUM_CONVERSION = YES;
				CLANG_WARN_INT_CONVERSION = YES;
				CLANG_WARN_OBJC_ROOT_CLASS = YES_ERROR;
				CLANG_WARN_UNREACHABLE_CODE = YES;
				CLANG_WARN__DUPLICATE_METHOD_MATCH = YES;
				"CODE_SIGN_IDENTITY[sdk=iphoneos*]" = "iPhone Developer";
				COPY_PHASE_STRIP = NO;
				DEBUG_INFORMATION_FORMAT = dwarf;
				ENABLE_STRICT_OBJC_MSGSEND = YES;
				ENABLE_TESTABILITY = YES;
				GCC_C_LANGUAGE_STANDARD = gnu99;
				GCC_DYNAMIC_NO_PIC = NO;
				GCC_NO_COMMON_BLOCKS = YES;
				GCC_OPTIMIZATION_LEVEL = 0;
				GCC_PREPROCESSOR_DEFINITIONS = (
					"DEBUG=1",
					"$(inherited)",
				);
				GCC_WARN_64_TO_32_BIT_CONVERSION = YES;
				GCC_WARN_ABOUT_RETURN_TYPE = YES_ERROR;
				GCC_WARN_UNDECLARED_SELECTOR = YES;
				GCC_WARN_UNINITIALIZED_AUTOS = YES_AGGRESSIVE;
				GCC_WARN_UNUSED_FUNCTION = YES;
				GCC_WARN_UNUSED_VARIABLE = YES;
				IPHONEOS_DEPLOYMENT_TARGET = 9.2;
				MTL_ENABLE_DEBUG_INFO = YES;
				ONLY_ACTIVE_ARCH = YES;
				SDKROOT = iphoneos;
				SWIFT_OPTIMIZATION_LEVEL = "-Onone";
				TARGETED_DEVICE_FAMILY = "1,2";
			};
			name = Debug;
		};
		16979C6C1C42A37C000C338C /* Release */ = {
			isa = XCBuildConfiguration;
			buildSettings = {
				ALWAYS_SEARCH_USER_PATHS = NO;
				CLANG_CXX_LANGUAGE_STANDARD = "gnu++0x";
				CLANG_CXX_LIBRARY = "libc++";
				CLANG_ENABLE_MODULES = YES;
				CLANG_ENABLE_OBJC_ARC = YES;
				CLANG_WARN_BOOL_CONVERSION = YES;
				CLANG_WARN_CONSTANT_CONVERSION = YES;
				CLANG_WARN_DIRECT_OBJC_ISA_USAGE = YES_ERROR;
				CLANG_WARN_EMPTY_BODY = YES;
				CLANG_WARN_ENUM_CONVERSION = YES;
				CLANG_WARN_INT_CONVERSION = YES;
				CLANG_WARN_OBJC_ROOT_CLASS = YES_ERROR;
				CLANG_WARN_UNREACHABLE_CODE = YES;
				CLANG_WARN__DUPLICATE_METHOD_MATCH = YES;
				"CODE_SIGN_IDENTITY[sdk=iphoneos*]" = "iPhone Developer";
				COPY_PHASE_STRIP = NO;
				DEBUG_INFORMATION_FORMAT = "dwarf-with-dsym";
				ENABLE_NS_ASSERTIONS = NO;
				ENABLE_STRICT_OBJC_MSGSEND = YES;
				GCC_C_LANGUAGE_STANDARD = gnu99;
				GCC_NO_COMMON_BLOCKS = YES;
				GCC_WARN_64_TO_32_BIT_CONVERSION = YES;
				GCC_WARN_ABOUT_RETURN_TYPE = YES_ERROR;
				GCC_WARN_UNDECLARED_SELECTOR = YES;
				GCC_WARN_UNINITIALIZED_AUTOS = YES_AGGRESSIVE;
				GCC_WARN_UNUSED_FUNCTION = YES;
				GCC_WARN_UNUSED_VARIABLE = YES;
				IPHONEOS_DEPLOYMENT_TARGET = 9.2;
				MTL_ENABLE_DEBUG_INFO = NO;
				SDKROOT = iphoneos;
				TARGETED_DEVICE_FAMILY = "1,2";
				VALIDATE_PRODUCT = YES;
			};
			name = Release;
		};
		16979C6E1C42A37C000C338C /* Debug */ = {
			isa = XCBuildConfiguration;
			buildSettings = {
				ASSETCATALOG_COMPILER_APPICON_NAME = AppIcon;
				INFOPLIST_FILE = EQ/Info.plist;
				LD_RUNPATH_SEARCH_PATHS = "$(inherited) @executable_path/Frameworks";
				PRODUCT_BUNDLE_IDENTIFIER = Can.Ceran.EQ;
				PRODUCT_NAME = "$(TARGET_NAME)";
			};
			name = Debug;
		};
		16979C6F1C42A37C000C338C /* Release */ = {
			isa = XCBuildConfiguration;
			buildSettings = {
				ASSETCATALOG_COMPILER_APPICON_NAME = AppIcon;
				INFOPLIST_FILE = EQ/Info.plist;
				LD_RUNPATH_SEARCH_PATHS = "$(inherited) @executable_path/Frameworks";
				PRODUCT_BUNDLE_IDENTIFIER = Can.Ceran.EQ;
				PRODUCT_NAME = "$(TARGET_NAME)";
			};
			name = Release;
		};
		16979C711C42A37C000C338C /* Debug */ = {
			isa = XCBuildConfiguration;
			buildSettings = {
				BUNDLE_LOADER = "$(TEST_HOST)";
				INFOPLIST_FILE = EQTests/Info.plist;
				LD_RUNPATH_SEARCH_PATHS = "$(inherited) @executable_path/Frameworks @loader_path/Frameworks";
				PRODUCT_BUNDLE_IDENTIFIER = Can.Ceran.EQTests;
				PRODUCT_NAME = "$(TARGET_NAME)";
				TEST_HOST = "$(BUILT_PRODUCTS_DIR)/EQ.app/EQ";
			};
			name = Debug;
		};
		16979C721C42A37C000C338C /* Release */ = {
			isa = XCBuildConfiguration;
			buildSettings = {
				BUNDLE_LOADER = "$(TEST_HOST)";
				INFOPLIST_FILE = EQTests/Info.plist;
				LD_RUNPATH_SEARCH_PATHS = "$(inherited) @executable_path/Frameworks @loader_path/Frameworks";
				PRODUCT_BUNDLE_IDENTIFIER = Can.Ceran.EQTests;
				PRODUCT_NAME = "$(TARGET_NAME)";
				TEST_HOST = "$(BUILT_PRODUCTS_DIR)/EQ.app/EQ";
			};
			name = Release;
		};
		16979C741C42A37C000C338C /* Debug */ = {
			isa = XCBuildConfiguration;
			buildSettings = {
				INFOPLIST_FILE = EQUITests/Info.plist;
				LD_RUNPATH_SEARCH_PATHS = "$(inherited) @executable_path/Frameworks @loader_path/Frameworks";
				PRODUCT_BUNDLE_IDENTIFIER = Can.Ceran.EQUITests;
				PRODUCT_NAME = "$(TARGET_NAME)";
				TEST_TARGET_NAME = EQ;
				USES_XCTRUNNER = YES;
			};
			name = Debug;
		};
		16979C751C42A37C000C338C /* Release */ = {
			isa = XCBuildConfiguration;
			buildSettings = {
				INFOPLIST_FILE = EQUITests/Info.plist;
				LD_RUNPATH_SEARCH_PATHS = "$(inherited) @executable_path/Frameworks @loader_path/Frameworks";
				PRODUCT_BUNDLE_IDENTIFIER = Can.Ceran.EQUITests;
				PRODUCT_NAME = "$(TARGET_NAME)";
				TEST_TARGET_NAME = EQ;
				USES_XCTRUNNER = YES;
			};
			name = Release;
		};
/* End XCBuildConfiguration section */

/* Begin XCConfigurationList section */
		16979C401C42A37C000C338C /* Build configuration list for PBXProject "EQ" */ = {
			isa = XCConfigurationList;
			buildConfigurations = (
				16979C6B1C42A37C000C338C /* Debug */,
				16979C6C1C42A37C000C338C /* Release */,
			);
			defaultConfigurationIsVisible = 0;
			defaultConfigurationName = Release;
		};
		16979C6D1C42A37C000C338C /* Build configuration list for PBXNativeTarget "EQ" */ = {
			isa = XCConfigurationList;
			buildConfigurations = (
				16979C6E1C42A37C000C338C /* Debug */,
				16979C6F1C42A37C000C338C /* Release */,
			);
			defaultConfigurationIsVisible = 0;
		};
		16979C701C42A37C000C338C /* Build configuration list for PBXNativeTarget "EQTests" */ = {
			isa = XCConfigurationList;
			buildConfigurations = (
				16979C711C42A37C000C338C /* Debug */,
				16979C721C42A37C000C338C /* Release */,
			);
			defaultConfigurationIsVisible = 0;
		};
		16979C731C42A37C000C338C /* Build configuration list for PBXNativeTarget "EQUITests" */ = {
			isa = XCConfigurationList;
			buildConfigurations = (
				16979C741C42A37C000C338C /* Debug */,
				16979C751C42A37C000C338C /* Release */,
			);
			defaultConfigurationIsVisible = 0;
		};
/* End XCConfigurationList section */
	};
	rootObject = 16979C3D1C42A37C000C338C /* Project object */;
}
